version = 1
revision = 3
requires-python = "==3.13.*"

[[package]]
name = "asgiref"
version = "3.9.2"
source = { registry = "https://pypi.org/simple" }
sdist = { url = "https://files.pythonhosted.org/packages/7f/bf/0f3ecda32f1cb3bf1dca480aca08a7a8a3bdc4bed2343a103f30731565c9/asgiref-3.9.2.tar.gz", hash = "sha256:a0249afacb66688ef258ffe503528360443e2b9a8d8c4581b6ebefa58c841ef1", size = 36894, upload-time = "2025-09-23T15:00:55.136Z" }
wheels = [
    { url = "https://files.pythonhosted.org/packages/c7/d1/69d02ce34caddb0a7ae088b84c356a625a93cd4ff57b2f97644c03fad905/asgiref-3.9.2-py3-none-any.whl", hash = "sha256:0b61526596219d70396548fc003635056856dba5d0d086f86476f10b33c75960", size = 23788, upload-time = "2025-09-23T15:00:53.627Z" },
]

[[package]]
name = "crispy-bootstrap5"
version = "2025.6"
source = { registry = "https://pypi.org/simple" }
dependencies = [
    { name = "django" },
    { name = "django-crispy-forms" },
]
sdist = { url = "https://files.pythonhosted.org/packages/97/30/36cc4144b6dff91bb54490a3b474897b7469bcda9517bf9f54681ea91011/crispy_bootstrap5-2025.6.tar.gz", hash = "sha256:f1bde7cac074c650fc82f31777d4a4cfd0df2512c68bc4128f259c75d3daada4", size = 23950, upload-time = "2025-06-08T07:43:35.461Z" }
wheels = [
    { url = "https://files.pythonhosted.org/packages/d8/d4/8cf1ba773a91fc17bab1fd46b75bbdef780c4cccbbb8230e617980a0362c/crispy_bootstrap5-2025.6-py3-none-any.whl", hash = "sha256:a343aa128b4383f35f00295b94de2b10862f2a4f24eda21fa6ead45234c07050", size = 24794, upload-time = "2025-06-08T07:43:34.206Z" },
]

[[package]]
name = "django"
version = "5.2.6"
source = { registry = "https://pypi.org/simple" }
dependencies = [
    { name = "asgiref" },
    { name = "sqlparse" },
    { name = "tzdata", marker = "sys_platform == 'win32'" },
]
sdist = { url = "https://files.pythonhosted.org/packages/4c/8c/2a21594337250a171d45dda926caa96309d5136becd1f48017247f9cdea0/django-5.2.6.tar.gz", hash = "sha256:da5e00372763193d73cecbf71084a3848458cecf4cee36b9a1e8d318d114a87b", size = 10858861, upload-time = "2025-09-03T13:04:03.23Z" }
wheels = [
    { url = "https://files.pythonhosted.org/packages/f5/af/6593f6d21404e842007b40fdeb81e73c20b6649b82d020bb0801b270174c/django-5.2.6-py3-none-any.whl", hash = "sha256:60549579b1174a304b77e24a93d8d9fafe6b6c03ac16311f3e25918ea5a20058", size = 8303111, upload-time = "2025-09-03T13:03:47.808Z" },
]

[[package]]
name = "django-crispy-forms"
version = "2.4"
source = { registry = "https://pypi.org/simple" }
dependencies = [
    { name = "django" },
]
sdist = { url = "https://files.pythonhosted.org/packages/88/a1/ffd7b0e160296121d88e3e173165370000ee4de7328f5c4f4b266638dcd9/django_crispy_forms-2.4.tar.gz", hash = "sha256:915e1ffdeb2987d78b33fabfeff8e5203c8776aa910a3a659a2c514ca125f3bd", size = 278932, upload-time = "2025-04-13T07:25:00.176Z" }
wheels = [
    { url = "https://files.pythonhosted.org/packages/1d/ec/a25f81e56a674e63cf6c3dd8e36b1b3fecc238fecd6098504adc0cc61402/django_crispy_forms-2.4-py3-none-any.whl", hash = "sha256:5a4b99876cfb1bdd3e47727731b6d4197c51c0da502befbfbec6a93010b02030", size = 31446, upload-time = "2025-04-13T07:24:58.516Z" },
]

[[package]]
name = "django-stubs"
version = "5.2.5"
source = { registry = "https://pypi.org/simple" }
dependencies = [
    { name = "django" },
    { name = "django-stubs-ext" },
    { name = "types-pyyaml" },
    { name = "typing-extensions" },
]
sdist = { url = "https://files.pythonhosted.org/packages/e1/8e/286150f593481c33f54d14efb58d72178f159d57d31043529d38bbc98e2f/django_stubs-5.2.5.tar.gz", hash = "sha256:fc78384e28d8c5292d60983075a5934f644f7c304c25ae2793fc57aa66d5018b", size = 247794, upload-time = "2025-09-12T19:29:49.636Z" }
wheels = [
    { url = "https://files.pythonhosted.org/packages/2f/02/cdbf7652ef2c9a7a1fed7c279484b7f3806f15b1bb34aec9fef8e8cfacbf/django_stubs-5.2.5-py3-none-any.whl", hash = "sha256:223c1a3324cd4873b7629dec6e9adbe224a94508284c1926b25fddff7a92252b", size = 490196, upload-time = "2025-09-12T19:29:47.954Z" },
]

[[package]]
name = "django-stubs-ext"
version = "5.2.5"
source = { registry = "https://pypi.org/simple" }
dependencies = [
    { name = "django" },
    { name = "typing-extensions" },
]
sdist = { url = "https://files.pythonhosted.org/packages/16/94/c9b8f4c47084a0fa666da9066c36771098101932688adf2c17a40fab79c2/django_stubs_ext-5.2.5.tar.gz", hash = "sha256:ecc628df29d36cede638567c4e33ff485dd7a99f1552ad0cece8c60e9c3a8872", size = 6489, upload-time = "2025-09-12T19:29:06.008Z" }
wheels = [
    { url = "https://files.pythonhosted.org/packages/e0/fe/a85a105fddffadb4a8d50e500caeee87d836b679d51a19d52dfa0cc6c660/django_stubs_ext-5.2.5-py3-none-any.whl", hash = "sha256:9b4b8ac9d32f7e6c304fd05477f8688fae6ed57f6a0f9f4d074f9e55b5a3da14", size = 9310, upload-time = "2025-09-12T19:29:04.62Z" },
]

[[package]]
name = "djitter"
version = "0.1.0"
source = { virtual = "." }
dependencies = [
    { name = "crispy-bootstrap5" },
    { name = "django" },
    { name = "django-crispy-forms" },
]

[package.dev-dependencies]
dev = [
    { name = "django-stubs" },
    { name = "pyrefly" },
    { name = "ruff" },
]

[package.metadata]
requires-dist = [
    { name = "crispy-bootstrap5", specifier = ">=2025.6" },
    { name = "django", specifier = ">=5.2.6" },
    { name = "django-crispy-forms", specifier = ">=2.4" },
]

[package.metadata.requires-dev]
dev = [
    { name = "django-stubs", specifier = ">=5.2.5" },
    { name = "pyrefly", specifier = ">=0.34.0" },
    { name = "ruff", specifier = ">=0.13.2" },
]

[[package]]
name = "pyrefly"
version = "0.34.0"
source = { registry = "https://pypi.org/simple" }
sdist = { url = "https://files.pythonhosted.org/packages/cb/db/b9bdb8c2f538cfa3338d368927b98cd573131804e6d57857ea9c7d0dbc56/pyrefly-0.34.0.tar.gz", hash = "sha256:eb18f4ec341105d5463b5c5844b25a2d520d36d5294302fcb3fd1de2868246e1", size = 1461134, upload-time = "2025-09-22T17:46:56.579Z" }
wheels = [
    { url = "https://files.pythonhosted.org/packages/7d/8c/decdf3c66207f21f71ca0a2919650499aa2afcb3f22e0f2fbffb002e3754/pyrefly-0.34.0-py3-none-macosx_10_12_x86_64.whl", hash = "sha256:c5b212f557c19bbc9f02377d25c0380ea9987e320a1ed69f625fe817a1163774", size = 6722736, upload-time = "2025-09-22T17:46:41.432Z" },
    { url = "https://files.pythonhosted.org/packages/4a/80/4262da89aef2b14fde6bf0346fe63dc710742e2854b26a929f78160d594a/pyrefly-0.34.0-py3-none-macosx_11_0_arm64.whl", hash = "sha256:87181abe763ed19fd9e107a9ae5982f852f18f93de2957a731c9b40048174552", size = 6267483, upload-time = "2025-09-22T17:46:43.533Z" },
    { url = "https://files.pythonhosted.org/packages/53/64/36db94740c2a413a1255540da6103d82bd2c451d526a1c405d341a75a50f/pyrefly-0.34.0-py3-none-manylinux_2_17_aarch64.manylinux2014_aarch64.whl", hash = "sha256:1085c186cde52c79f42b8c654aa0840c1028601fbd9c35d981d60453008498ec", size = 6505495, upload-time = "2025-09-22T17:46:45.041Z" },
    { url = "https://files.pythonhosted.org/packages/c3/2b/6606fcb784770cd36c5cafc5c940c796753772d5c64be82bed1bf5cce9aa/pyrefly-0.34.0-py3-none-manylinux_2_17_i686.manylinux2014_i686.whl", hash = "sha256:dcb92520e4dac3967744f44bd3145e8d029d313076b06277f15b693869f4eb4a", size = 7334795, upload-time = "2025-09-22T17:46:47.472Z" },
    { url = "https://files.pythonhosted.org/packages/69/b3/4353e744e29fa95c0e9f70ababe15fd019df252f8e90ecd2d15620adcfc8/pyrefly-0.34.0-py3-none-manylinux_2_17_x86_64.manylinux2014_x86_64.whl", hash = "sha256:1f840afa73371aa56f8e6666f2733b4b8a85620329aa385d7a39bb226983b43b", size = 6999090, upload-time = "2025-09-22T17:46:49.376Z" },
    { url = "https://files.pythonhosted.org/packages/60/1e/7d13a42f680c98ed0365295d3bb09d7e11c97aab563154dcfa62a7448a25/pyrefly-0.34.0-py3-none-win32.whl", hash = "sha256:a22f1fd6f03c6fe11c6b491c12a70bb07b3025cd316faa9f98729d42e410bbcd", size = 6500766, upload-time = "2025-09-22T17:46:51.194Z" },
    { url = "https://files.pythonhosted.org/packages/7b/16/e2285197587d125473237f9daf3878edeab9d03918985db89f294bdebc86/pyrefly-0.34.0-py3-none-win_amd64.whl", hash = "sha256:ac6e33b6a2f90aea9bdf54c7f78ff29b9f71ffcf55f2636b7da513df74bd4b56", size = 6938350, upload-time = "2025-09-22T17:46:53.08Z" },
    { url = "https://files.pythonhosted.org/packages/cc/34/0653bf969bd3f0dbb86083ff73f0a381e46239aac21b7d6dfec403959832/pyrefly-0.34.0-py3-none-win_arm64.whl", hash = "sha256:34517123a61caef9d19a73ebb04b5bb8bde6efe999daf89fd7a200bb755e3e73", size = 6527162, upload-time = "2025-09-22T17:46:54.954Z" },
]

[[package]]
name = "ruff"
version = "0.13.2"
source = { registry = "https://pypi.org/simple" }
sdist = { url = "https://files.pythonhosted.org/packages/02/df/8d7d8c515d33adfc540e2edf6c6021ea1c5a58a678d8cfce9fae59aabcab/ruff-0.13.2.tar.gz", hash = "sha256:cb12fffd32fb16d32cef4ed16d8c7cdc27ed7c944eaa98d99d01ab7ab0b710ff", size = 5416417, upload-time = "2025-09-25T14:54:09.936Z" }
wheels = [
    { url = "https://files.pythonhosted.org/packages/6e/84/5716a7fa4758e41bf70e603e13637c42cfb9dbf7ceb07180211b9bbf75ef/ruff-0.13.2-py3-none-linux_armv6l.whl", hash = "sha256:3796345842b55f033a78285e4f1641078f902020d8450cade03aad01bffd81c3", size = 12343254, upload-time = "2025-09-25T14:53:27.784Z" },
    { url = "https://files.pythonhosted.org/packages/9b/77/c7042582401bb9ac8eff25360e9335e901d7a1c0749a2b28ba4ecb239991/ruff-0.13.2-py3-none-macosx_10_12_x86_64.whl", hash = "sha256:ff7e4dda12e683e9709ac89e2dd436abf31a4d8a8fc3d89656231ed808e231d2", size = 13040891, upload-time = "2025-09-25T14:53:31.38Z" },
    { url = "https://files.pythonhosted.org/packages/c6/15/125a7f76eb295cb34d19c6778e3a82ace33730ad4e6f28d3427e134a02e0/ruff-0.13.2-py3-none-macosx_11_0_arm64.whl", hash = "sha256:c75e9d2a2fafd1fdd895d0e7e24b44355984affdde1c412a6f6d3f6e16b22d46", size = 12243588, upload-time = "2025-09-25T14:53:33.543Z" },
    { url = "https://files.pythonhosted.org/packages/9e/eb/0093ae04a70f81f8be7fd7ed6456e926b65d238fc122311293d033fdf91e/ruff-0.13.2-py3-none-manylinux_2_17_aarch64.manylinux2014_aarch64.whl", hash = "sha256:cceac74e7bbc53ed7d15d1042ffe7b6577bf294611ad90393bf9b2a0f0ec7cb6", size = 12491359, upload-time = "2025-09-25T14:53:35.892Z" },
    { url = "https://files.pythonhosted.org/packages/43/fe/72b525948a6956f07dad4a6f122336b6a05f2e3fd27471cea612349fedb9/ruff-0.13.2-py3-none-manylinux_2_17_armv7l.manylinux2014_armv7l.whl", hash = "sha256:6ae3f469b5465ba6d9721383ae9d49310c19b452a161b57507764d7ef15f4b07", size = 12162486, upload-time = "2025-09-25T14:53:38.171Z" },
    { url = "https://files.pythonhosted.org/packages/6a/e3/0fac422bbbfb2ea838023e0d9fcf1f30183d83ab2482800e2cb892d02dfe/ruff-0.13.2-py3-none-manylinux_2_17_i686.manylinux2014_i686.whl", hash = "sha256:4f8f9e3cd6714358238cd6626b9d43026ed19c0c018376ac1ef3c3a04ffb42d8", size = 13871203, upload-time = "2025-09-25T14:53:41.943Z" },
    { url = "https://files.pythonhosted.org/packages/6b/82/b721c8e3ec5df6d83ba0e45dcf00892c4f98b325256c42c38ef136496cbf/ruff-0.13.2-py3-none-manylinux_2_17_ppc64.manylinux2014_ppc64.whl", hash = "sha256:c6ed79584a8f6cbe2e5d7dbacf7cc1ee29cbdb5df1172e77fbdadc8bb85a1f89", size = 14929635, upload-time = "2025-09-25T14:53:43.953Z" },
    { url = "https://files.pythonhosted.org/packages/c4/a0/ad56faf6daa507b83079a1ad7a11694b87d61e6bf01c66bd82b466f21821/ruff-0.13.2-py3-none-manylinux_2_17_ppc64le.manylinux2014_ppc64le.whl", hash = "sha256:aed130b2fde049cea2019f55deb939103123cdd191105f97a0599a3e753d61b0", size = 14338783, upload-time = "2025-09-25T14:53:46.205Z" },
    { url = "https://files.pythonhosted.org/packages/47/77/ad1d9156db8f99cd01ee7e29d74b34050e8075a8438e589121fcd25c4b08/ruff-0.13.2-py3-none-manylinux_2_17_s390x.manylinux2014_s390x.whl", hash = "sha256:1887c230c2c9d65ed1b4e4cfe4d255577ea28b718ae226c348ae68df958191aa", size = 13355322, upload-time = "2025-09-25T14:53:48.164Z" },
    { url = "https://files.pythonhosted.org/packages/64/8b/e87cfca2be6f8b9f41f0bb12dc48c6455e2d66df46fe61bb441a226f1089/ruff-0.13.2-py3-none-manylinux_2_17_x86_64.manylinux2014_x86_64.whl", hash = "sha256:5bcb10276b69b3cfea3a102ca119ffe5c6ba3901e20e60cf9efb53fa417633c3", size = 13354427, upload-time = "2025-09-25T14:53:50.486Z" },
    { url = "https://files.pythonhosted.org/packages/7f/df/bf382f3fbead082a575edb860897287f42b1b3c694bafa16bc9904c11ed3/ruff-0.13.2-py3-none-manylinux_2_31_riscv64.whl", hash = "sha256:afa721017aa55a555b2ff7944816587f1cb813c2c0a882d158f59b832da1660d", size = 13537637, upload-time = "2025-09-25T14:53:52.887Z" },
    { url = "https://files.pythonhosted.org/packages/51/70/1fb7a7c8a6fc8bd15636288a46e209e81913b87988f26e1913d0851e54f4/ruff-0.13.2-py3-none-musllinux_1_2_aarch64.whl", hash = "sha256:1dbc875cf3720c64b3990fef8939334e74cb0ca65b8dbc61d1f439201a38101b", size = 12340025, upload-time = "2025-09-25T14:53:54.88Z" },
    { url = "https://files.pythonhosted.org/packages/4c/27/1e5b3f1c23ca5dd4106d9d580e5c13d9acb70288bff614b3d7b638378cc9/ruff-0.13.2-py3-none-musllinux_1_2_armv7l.whl", hash = "sha256:5b939a1b2a960e9742e9a347e5bbc9b3c3d2c716f86c6ae273d9cbd64f193f22", size = 12133449, upload-time = "2025-09-25T14:53:57.089Z" },
    { url = "https://files.pythonhosted.org/packages/2d/09/b92a5ccee289f11ab128df57d5911224197d8d55ef3bd2043534ff72ca54/ruff-0.13.2-py3-none-musllinux_1_2_i686.whl", hash = "sha256:50e2d52acb8de3804fc5f6e2fa3ae9bdc6812410a9e46837e673ad1f90a18736", size = 13051369, upload-time = "2025-09-25T14:53:59.124Z" },
    { url = "https://files.pythonhosted.org/packages/89/99/26c9d1c7d8150f45e346dc045cc49f23e961efceb4a70c47dea0960dea9a/ruff-0.13.2-py3-none-musllinux_1_2_x86_64.whl", hash = "sha256:3196bc13ab2110c176b9a4ae5ff7ab676faaa1964b330a1383ba20e1e19645f2", size = 13523644, upload-time = "2025-09-25T14:54:01.622Z" },
    { url = "https://files.pythonhosted.org/packages/f7/00/e7f1501e81e8ec290e79527827af1d88f541d8d26151751b46108978dade/ruff-0.13.2-py3-none-win32.whl", hash = "sha256:7c2a0b7c1e87795fec3404a485096bcd790216c7c146a922d121d8b9c8f1aaac", size = 12245990, upload-time = "2025-09-25T14:54:03.647Z" },
    { url = "https://files.pythonhosted.org/packages/ee/bd/d9f33a73de84fafd0146c6fba4f497c4565fe8fa8b46874b8e438869abc2/ruff-0.13.2-py3-none-win_amd64.whl", hash = "sha256:17d95fb32218357c89355f6f6f9a804133e404fc1f65694372e02a557edf8585", size = 13324004, upload-time = "2025-09-25T14:54:06.05Z" },
    { url = "https://files.pythonhosted.org/packages/c3/12/28fa2f597a605884deb0f65c1b1ae05111051b2a7030f5d8a4ff7f4599ba/ruff-0.13.2-py3-none-win_arm64.whl", hash = "sha256:da711b14c530412c827219312b7d7fbb4877fb31150083add7e8c5336549cea7", size = 12484437, upload-time = "2025-09-25T14:54:08.022Z" },
]

[[package]]
name = "sqlparse"
version = "0.5.3"
source = { registry = "https://pypi.org/simple" }
sdist = { url = "https://files.pythonhosted.org/packages/e5/40/edede8dd6977b0d3da179a342c198ed100dd2aba4be081861ee5911e4da4/sqlparse-0.5.3.tar.gz", hash = "sha256:09f67787f56a0b16ecdbde1bfc7f5d9c3371ca683cfeaa8e6ff60b4807ec9272", size = 84999, upload-time = "2024-12-10T12:05:30.728Z" }
wheels = [
    { url = "https://files.pythonhosted.org/packages/a9/5c/bfd6bd0bf979426d405cc6e71eceb8701b148b16c21d2dc3c261efc61c7b/sqlparse-0.5.3-py3-none-any.whl", hash = "sha256:cf2196ed3418f3ba5de6af7e82c694a9fbdbfecccdfc72e281548517081f16ca", size = 44415, upload-time = "2024-12-10T12:05:27.824Z" },
]

[[package]]
name = "types-pyyaml"
version = "6.0.12.20250915"
source = { registry = "https://pypi.org/simple" }
sdist = { url = "https://files.pythonhosted.org/packages/7e/69/3c51b36d04da19b92f9e815be12753125bd8bc247ba0470a982e6979e71c/types_pyyaml-6.0.12.20250915.tar.gz", hash = "sha256:0f8b54a528c303f0e6f7165687dd33fafa81c807fcac23f632b63aa624ced1d3", size = 17522, upload-time = "2025-09-15T03:01:00.728Z" }
wheels = [
    { url = "https://files.pythonhosted.org/packages/bd/e0/1eed384f02555dde685fff1a1ac805c1c7dcb6dd019c916fe659b1c1f9ec/types_pyyaml-6.0.12.20250915-py3-none-any.whl", hash = "sha256:e7d4d9e064e89a3b3cae120b4990cd370874d2bf12fa5f46c97018dd5d3c9ab6", size = 20338, upload-time = "2025-09-15T03:00:59.218Z" },
]

[[package]]
name = "typing-extensions"
version = "4.15.0"
source = { registry = "https://pypi.org/simple" }
sdist = { url = "https://files.pythonhosted.org/packages/72/94/1a15dd82efb362ac84269196e94cf00f187f7ed21c242792a923cdb1c61f/typing_extensions-4.15.0.tar.gz", hash = "sha256:0cea48d173cc12fa28ecabc3b837ea3cf6f38c6d1136f85cbaaf598984861466", size = 109391, upload-time = "2025-08-25T13:49:26.313Z" }
wheels = [
    { url = "https://files.pythonhosted.org/packages/18/67/36e9267722cc04a6b9f15c7f3441c2363321a3ea07da7ae0c0707beb2a9c/typing_extensions-4.15.0-py3-none-any.whl", hash = "sha256:f0fa19c6845758ab08074a0cfa8b7aecb71c999ca73d62883bc25cc018c4e548", size = 44614, upload-time = "2025-08-25T13:49:24.86Z" },
]

[[package]]
name = "tzdata"
version = "2025.2"
source = { registry = "https://pypi.org/simple" }
sdist = { url = "https://files.pythonhosted.org/packages/95/32/1a225d6164441be760d75c2c42e2780dc0873fe382da3e98a2e1e48361e5/tzdata-2025.2.tar.gz", hash = "sha256:b60a638fcc0daffadf82fe0f57e53d06bdec2f36c4df66280ae79bce6bd6f2b9", size = 196380, upload-time = "2025-03-23T13:54:43.652Z" }
wheels = [
    { url = "https://files.pythonhosted.org/packages/5c/23/c7abc0ca0a1526a0774eca151daeb8de62ec457e77262b66b359c3c7679e/tzdata-2025.2-py2.py3-none-any.whl", hash = "sha256:1a403fada01ff9221ca8044d701868fa132215d84beb92242d9acd2147f667a8", size = 347839, upload-time = "2025-03-23T13:54:41.845Z" },
]
